
Microsoft Visual Studio Solution File, Format Version 12.00
# Visual Studio 14
VisualStudioVersion = 14.0.23107.0
MinimumVisualStudioVersion = 10.0.40219.1
Project("{FAE04EC0-301F-11D3-BF4B-00C04F79EFBC}") = "Wsm.Contracts", "Wsm.Contracts\Wsm.Contracts.csproj", "{97AF09E5-AE7B-414E-B17B-462DA4B0D8DE}"
EndProject
Project("{FAE04EC0-301F-11D3-BF4B-00C04F79EFBC}") = "Wsm.DataBaseEntryPoint", "Wsm.Repository\Wsm.DataBaseEntryPoint.csproj", "{8BC7C5CD-A871-45BE-946A-AF7CAF0F0B2A}"
EndProject
Project("{FAE04EC0-301F-11D3-BF4B-00C04F79EFBC}") = "Wsm.Repository.MongoDB", "Wsm.Repository.MongoDB\Wsm.Repository.MongoDB.csproj", "{B128E6C7-4A0B-43C9-AD16-56FFA3D7A7DB}"
EndProject
Project("{FAE04EC0-301F-11D3-BF4B-00C04F79EFBC}") = "Wsm.Repository.Redis", "Wsm.Repository.Redis\Wsm.Repository.Redis.csproj", "{D381B8EA-30A7-4621-8F6A-B78D6F47F0E5}"
EndProject
Project("{FAE04EC0-301F-11D3-BF4B-00C04F79EFBC}") = "Wsm.Mef", "Wsm.Mef\Wsm.Mef.csproj", "{26D8308C-3979-4159-B71D-F00096CC0D0A}"
EndProject
Project("{FAE04EC0-301F-11D3-BF4B-00C04F79EFBC}") = "Wsm.Utils", "Wsm.Utils\Wsm.Utils.csproj", "{DB89F1DD-5B1B-49D0-AD96-CC799A558F49}"
EndProject
Project("{FAE04EC0-301F-11D3-BF4B-00C04F79EFBC}") = "Wsm.Logger", "Wsm.Logger\Wsm.Logger.csproj", "{D4DAD64D-6B39-42D2-93B1-5FC25F3F59A6}"
EndProject
Project("{2150E333-8FDC-42A3-9474-1A3956D46DE8}") = "Examples", "Examples", "{18596430-7ECB-4587-B45E-D8134439DCEE}"
EndProject
Project("{FAE04EC0-301F-11D3-BF4B-00C04F79EFBC}") = "Wsm.Authentication", "Wsm.Authentication\Wsm.Authentication.csproj", "{CC491888-D8B1-4E75-9CC0-D00F8F4EBCCC}"
EndProject
Project("{FAE04EC0-301F-11D3-BF4B-00C04F79EFBC}") = "Wsm.Test.Web.Mvc", "Wsm.Test.Web.Mvc\Wsm.Test.Web.Mvc.csproj", "{D92CE940-657F-4B46-80BA-CFFA9C5E4B70}"
EndProject
Project("{2150E333-8FDC-42A3-9474-1A3956D46DE8}") = "Controls", "Controls", "{EFF3602F-4F74-45F6-95AB-A2E6F68EE5B0}"
EndProject
Project("{FAE04EC0-301F-11D3-BF4B-00C04F79EFBC}") = "Wsm.MultiCast", "Wsm.MultiCast\Wsm.MultiCast.csproj", "{73E4C647-9A2B-4A7F-A2F4-2D3E8D0F28B3}"
EndProject
Global
	GlobalSection(SolutionConfigurationPlatforms) = preSolution
		Debug|Any CPU = Debug|Any CPU
		Release|Any CPU = Release|Any CPU
	EndGlobalSection
	GlobalSection(ProjectConfigurationPlatforms) = postSolution
		{97AF09E5-AE7B-414E-B17B-462DA4B0D8DE}.Debug|Any CPU.ActiveCfg = Debug|Any CPU
		{97AF09E5-AE7B-414E-B17B-462DA4B0D8DE}.Debug|Any CPU.Build.0 = Debug|Any CPU
		{97AF09E5-AE7B-414E-B17B-462DA4B0D8DE}.Release|Any CPU.ActiveCfg = Release|Any CPU
		{97AF09E5-AE7B-414E-B17B-462DA4B0D8DE}.Release|Any CPU.Build.0 = Release|Any CPU
		{8BC7C5CD-A871-45BE-946A-AF7CAF0F0B2A}.Debug|Any CPU.ActiveCfg = Debug|Any CPU
		{8BC7C5CD-A871-45BE-946A-AF7CAF0F0B2A}.Debug|Any CPU.Build.0 = Debug|Any CPU
		{8BC7C5CD-A871-45BE-946A-AF7CAF0F0B2A}.Release|Any CPU.ActiveCfg = Release|Any CPU
		{8BC7C5CD-A871-45BE-946A-AF7CAF0F0B2A}.Release|Any CPU.Build.0 = Release|Any CPU
		{B128E6C7-4A0B-43C9-AD16-56FFA3D7A7DB}.Debug|Any CPU.ActiveCfg = Debug|Any CPU
		{B128E6C7-4A0B-43C9-AD16-56FFA3D7A7DB}.Debug|Any CPU.Build.0 = Debug|Any CPU
		{B128E6C7-4A0B-43C9-AD16-56FFA3D7A7DB}.Release|Any CPU.ActiveCfg = Release|Any CPU
		{B128E6C7-4A0B-43C9-AD16-56FFA3D7A7DB}.Release|Any CPU.Build.0 = Release|Any CPU
		{D381B8EA-30A7-4621-8F6A-B78D6F47F0E5}.Debug|Any CPU.ActiveCfg = Debug|Any CPU
		{D381B8EA-30A7-4621-8F6A-B78D6F47F0E5}.Debug|Any CPU.Build.0 = Debug|Any CPU
		{D381B8EA-30A7-4621-8F6A-B78D6F47F0E5}.Release|Any CPU.ActiveCfg = Release|Any CPU
		{D381B8EA-30A7-4621-8F6A-B78D6F47F0E5}.Release|Any CPU.Build.0 = Release|Any CPU
		{26D8308C-3979-4159-B71D-F00096CC0D0A}.Debug|Any CPU.ActiveCfg = Debug|Any CPU
		{26D8308C-3979-4159-B71D-F00096CC0D0A}.Debug|Any CPU.Build.0 = Debug|Any CPU
		{26D8308C-3979-4159-B71D-F00096CC0D0A}.Release|Any CPU.ActiveCfg = Release|Any CPU
		{26D8308C-3979-4159-B71D-F00096CC0D0A}.Release|Any CPU.Build.0 = Release|Any CPU
		{DB89F1DD-5B1B-49D0-AD96-CC799A558F49}.Debug|Any CPU.ActiveCfg = Debug|Any CPU
		{DB89F1DD-5B1B-49D0-AD96-CC799A558F49}.Debug|Any CPU.Build.0 = Debug|Any CPU
		{DB89F1DD-5B1B-49D0-AD96-CC799A558F49}.Release|Any CPU.ActiveCfg = Release|Any CPU
		{DB89F1DD-5B1B-49D0-AD96-CC799A558F49}.Release|Any CPU.Build.0 = Release|Any CPU
		{D4DAD64D-6B39-42D2-93B1-5FC25F3F59A6}.Debug|Any CPU.ActiveCfg = Debug|Any CPU
		{D4DAD64D-6B39-42D2-93B1-5FC25F3F59A6}.Debug|Any CPU.Build.0 = Debug|Any CPU
		{D4DAD64D-6B39-42D2-93B1-5FC25F3F59A6}.Release|Any CPU.ActiveCfg = Release|Any CPU
		{D4DAD64D-6B39-42D2-93B1-5FC25F3F59A6}.Release|Any CPU.Build.0 = Release|Any CPU
		{CC491888-D8B1-4E75-9CC0-D00F8F4EBCCC}.Debug|Any CPU.ActiveCfg = Debug|Any CPU
		{CC491888-D8B1-4E75-9CC0-D00F8F4EBCCC}.Debug|Any CPU.Build.0 = Debug|Any CPU
		{CC491888-D8B1-4E75-9CC0-D00F8F4EBCCC}.Release|Any CPU.ActiveCfg = Release|Any CPU
		{CC491888-D8B1-4E75-9CC0-D00F8F4EBCCC}.Release|Any CPU.Build.0 = Release|Any CPU
		{D92CE940-657F-4B46-80BA-CFFA9C5E4B70}.Debug|Any CPU.ActiveCfg = Debug|Any CPU
		{D92CE940-657F-4B46-80BA-CFFA9C5E4B70}.Debug|Any CPU.Build.0 = Debug|Any CPU
		{D92CE940-657F-4B46-80BA-CFFA9C5E4B70}.Release|Any CPU.ActiveCfg = Release|Any CPU
		{D92CE940-657F-4B46-80BA-CFFA9C5E4B70}.Release|Any CPU.Build.0 = Release|Any CPU
		{73E4C647-9A2B-4A7F-A2F4-2D3E8D0F28B3}.Debug|Any CPU.ActiveCfg = Debug|Any CPU
		{73E4C647-9A2B-4A7F-A2F4-2D3E8D0F28B3}.Debug|Any CPU.Build.0 = Debug|Any CPU
		{73E4C647-9A2B-4A7F-A2F4-2D3E8D0F28B3}.Release|Any CPU.ActiveCfg = Release|Any CPU
		{73E4C647-9A2B-4A7F-A2F4-2D3E8D0F28B3}.Release|Any CPU.Build.0 = Release|Any CPU
	EndGlobalSection
	GlobalSection(SolutionProperties) = preSolution
		HideSolutionNode = FALSE
	EndGlobalSection
	GlobalSection(NestedProjects) = preSolution
		{D92CE940-657F-4B46-80BA-CFFA9C5E4B70} = {18596430-7ECB-4587-B45E-D8134439DCEE}
		{73E4C647-9A2B-4A7F-A2F4-2D3E8D0F28B3} = {18596430-7ECB-4587-B45E-D8134439DCEE}
	EndGlobalSection
EndGlobal
